Microsoft Visual Studio Solution File, Format Version 12.00
# Visual Studio Version 16
VisualStudioVersion = 16.0.28721.148
MinimumVisualStudioVersion = 10.0.40219.1
Project("{2150E333-8FDC-42A3-9474-1A3956D46DE8}") = "DNN Module", "DNN Module", "{CD7F4B42-E9D3-4AE6-8217-AAB9BDBD76BB}"
EndProject
Project("{2150E333-8FDC-42A3-9474-1A3956D46DE8}") = "YAF_source", "YAF_source", "{7ECD89A5-D019-4CC3-B389-6559F99529A0}"
EndProject
Project("{FAE04EC0-301F-11D3-BF4B-00C04F79EFBC}") = "YAF.DNN.Module", "YAF.DNN.Module.csproj", "{EBBEABD8-324F-4BDC-873E-DDA78B6E669D}"
EndProject
Project("{9A19103F-16F7-4668-BE54-9A1E7A4F7556}") = "YAF.Types", "..\yafsrc\YAF.Types\YAF.Types.csproj", "{B9CF38B0-39CF-43C7-9589-166DCC665652}"
EndProject
Project("{2150E333-8FDC-42A3-9474-1A3956D46DE8}") = "Third-Party Libs", "Third-Party Libs", "{A78310BF-B79A-442E-AECE-15D91692BA7F}"
EndProject
Project("{9A19103F-16F7-4668-BE54-9A1E7A4F7556}") = "ServiceStack.Common", "..\yafsrc\ServiceStack\ServiceStack.Common\ServiceStack.Common.csproj", "{BAF15DB6-E652-428F-88DB-EB60426360E1}"
EndProject
Project("{9A19103F-16F7-4668-BE54-9A1E7A4F7556}") = "ServiceStack.OrmLite", "..\yafsrc\ServiceStack\ServiceStack.OrmLite\ServiceStack.OrmLite.csproj", "{116A0C30-1C80-4B90-AAC0-23F15C839F4D}"
EndProject
Project("{9A19103F-16F7-4668-BE54-9A1E7A4F7556}") = "ServiceStack.Interfaces", "..\yafsrc\ServiceStack\ServiceStack.Interfaces\ServiceStack.Interfaces.csproj", "{60A3847A-B1FF-4610-9C37-B7EDE14B81F9}"
EndProject
Project("{9A19103F-16F7-4668-BE54-9A1E7A4F7556}") = "ServiceStack.OrmLite.SqlServer", "..\yafsrc\ServiceStack\ServiceStack.OrmLite.SqlServer\ServiceStack.OrmLite.SqlServer.csproj", "{F246ECF4-6000-4F20-9B65-16DE6459BED5}"
EndProject
Project("{9A19103F-16F7-4668-BE54-9A1E7A4F7556}") = "ServiceStack.Text", "..\yafsrc\ServiceStack\ServiceStack.Text\ServiceStack.Text.csproj", "{4CDCF241-57DF-40A1-BC48-AB305494115F}"
EndProject
Project("{9A19103F-16F7-4668-BE54-9A1E7A4F7556}") = "YAF.Configuration", "..\yafsrc\YAF.Configuration\YAF.Configuration.csproj", "{E0360673-49CB-4E81-AED7-312F21AE8951}"
EndProject
Project("{9A19103F-16F7-4668-BE54-9A1E7A4F7556}") = "YAF.Web", "..\yafsrc\YAF.Web\YAF.Web.csproj", "{5509F241-C7B0-41CA-8C05-28C411FDF99F}"
EndProject
Project("{9A19103F-16F7-4668-BE54-9A1E7A4F7556}") = "YAF.UrlRewriter", "..\yafsrc\YAF.UrlRewriter\YAF.UrlRewriter.csproj", "{F8516C67-92BE-43FF-A8A9-B71A3EA4BE0D}"
EndProject
Project("{2150E333-8FDC-42A3-9474-1A3956D46DE8}") = "Lucene.NET", "Lucene.NET", "{6A851CD2-E40B-4EB9-988F-172037AB447F}"
EndProject
Project("{9A19103F-16F7-4668-BE54-9A1E7A4F7556}") = "YAF.Lucene.Net", "..\yafsrc\Lucene.Net\Lucene.Net\YAF.Lucene.Net.csproj", "{4E4BCBD8-5EE1-4797-B039-EEC0F8475360}"
EndProject
Project("{9A19103F-16F7-4668-BE54-9A1E7A4F7556}") = "YAF.Lucene.Net.Analysis.Common", "..\yafsrc\Lucene.Net\Lucene.Net.Analysis.Common\YAF.Lucene.Net.Analysis.Common.csproj", "{D979794C-695A-4C3B-B42B-8659CB3EA416}"
EndProject
Project("{9A19103F-16F7-4668-BE54-9A1E7A4F7556}") = "YAF.Lucene.Net.Highlighter", "..\yafsrc\Lucene.Net\Lucene.Net.Highlighter\YAF.Lucene.Net.Highlighter.csproj", "{56F41E21-F632-4238-B0FE-CB72EA753D36}"
EndProject
Project("{9A19103F-16F7-4668-BE54-9A1E7A4F7556}") = "YAF.Lucene.Net.QueryParser", "..\yafsrc\Lucene.Net\Lucene.Net.QueryParser\YAF.Lucene.Net.QueryParser.csproj", "{5FFD1A73-5C64-4F30-943F-8C1D4CCEFF24}"
EndProject
Project("{9A19103F-16F7-4668-BE54-9A1E7A4F7556}") = "YAF.Lucene.Net.Queries", "..\yafsrc\Lucene.Net\Lucene.Net.Queries\YAF.Lucene.Net.Queries.csproj", "{973EF018-379A-48B2-ABFA-0F06EE1A1D32}"
EndProject
Project("{2150E333-8FDC-42A3-9474-1A3956D46DE8}") = "ServiceStack", "ServiceStack", "{A3CEC935-A41E-40F2-9E51-2346D76EA58B}"
EndProject
Project("{9A19103F-16F7-4668-BE54-9A1E7A4F7556}") = "YAF.Data.SqlServer", "..\yafsrc\YAF.Data\YAF.Data.SqlServer\YAF.Data.SqlServer.csproj", "{40D3E40E-5DD0-420B-96EE-15DF474C9A52}"
EndProject
Project("{FAE04EC0-301F-11D3-BF4B-00C04F79EFBC}") = "YAF", "..\yafsrc\YetAnotherForum.NET\YAF.csproj", "{555357E5-A150-4C4D-BC81-97F4AE19086A}"
EndProject
Project("{9A19103F-16F7-4668-BE54-9A1E7A4F7556}") = "YAF.Core", "..\yafsrc\YAF.Core\YAF.Core.csproj", "{B8D47386-06DC-42E8-9F95-3F75D895E393}"
EndProject
Global
	GlobalSection(SolutionConfigurationPlatforms) = preSolution
		Debug|Any CPU = Debug|Any CPU
		Deploy|Any CPU = Deploy|Any CPU
		MonoTouch|Any CPU = MonoTouch|Any CPU
		Package|Any CPU = Package|Any CPU
		Release|Any CPU = Release|Any CPU
		STATIC_ONLY NO_EXPRESSIONS|Any CPU = STATIC_ONLY NO_EXPRESSIONS|Any CPU
	EndGlobalSection
	GlobalSection(ProjectConfigurationPlatforms) = postSolution
		{EBBEABD8-324F-4BDC-873E-DDA78B6E669D}.Debug|Any CPU.ActiveCfg = Debug|Any CPU
		{EBBEABD8-324F-4BDC-873E-DDA78B6E669D}.Debug|Any CPU.Build.0 = Debug|Any CPU
		{EBBEABD8-324F-4BDC-873E-DDA78B6E669D}.Deploy|Any CPU.ActiveCfg = Deploy|Any CPU
		{EBBEABD8-324F-4BDC-873E-DDA78B6E669D}.Deploy|Any CPU.Build.0 = Deploy|Any CPU
		{EBBEABD8-324F-4BDC-873E-DDA78B6E669D}.MonoTouch|Any CPU.ActiveCfg = Release|Any CPU
		{EBBEABD8-324F-4BDC-873E-DDA78B6E669D}.MonoTouch|Any CPU.Build.0 = Release|Any CPU
		{EBBEABD8-324F-4BDC-873E-DDA78B6E669D}.Package|Any CPU.ActiveCfg = Package|Any CPU
		{EBBEABD8-324F-4BDC-873E-DDA78B6E669D}.Package|Any CPU.Build.0 = Package|Any CPU
		{EBBEABD8-324F-4BDC-873E-DDA78B6E669D}.Release|Any CPU.ActiveCfg = Release|Any CPU
		{EBBEABD8-324F-4BDC-873E-DDA78B6E669D}.Release|Any CPU.Build.0 = Release|Any CPU
		{EBBEABD8-324F-4BDC-873E-DDA78B6E669D}.STATIC_ONLY NO_EXPRESSIONS|Any CPU.ActiveCfg = Release|Any CPU
		{EBBEABD8-324F-4BDC-873E-DDA78B6E669D}.STATIC_ONLY NO_EXPRESSIONS|Any CPU.Build.0 = Release|Any CPU
		{B9CF38B0-39CF-43C7-9589-166DCC665652}.Debug|Any CPU.ActiveCfg = Debug|Any CPU
		{B9CF38B0-39CF-43C7-9589-166DCC665652}.Debug|Any CPU.Build.0 = Debug|Any CPU
		{B9CF38B0-39CF-43C7-9589-166DCC665652}.Deploy|Any CPU.ActiveCfg = Debug|Any CPU
		{B9CF38B0-39CF-43C7-9589-166DCC665652}.Deploy|Any CPU.Build.0 = Debug|Any CPU
		{B9CF38B0-39CF-43C7-9589-166DCC665652}.MonoTouch|Any CPU.ActiveCfg = Release|Any CPU
		{B9CF38B0-39CF-43C7-9589-166DCC665652}.MonoTouch|Any CPU.Build.0 = Release|Any CPU
		{B9CF38B0-39CF-43C7-9589-166DCC665652}.Package|Any CPU.ActiveCfg = Release|Any CPU
		{B9CF38B0-39CF-43C7-9589-166DCC665652}.Package|Any CPU.Build.0 = Release|Any CPU
		{B9CF38B0-39CF-43C7-9589-166DCC665652}.Release|Any CPU.ActiveCfg = Release|Any CPU
		{B9CF38B0-39CF-43C7-9589-166DCC665652}.Release|Any CPU.Build.0 = Release|Any CPU
		{B9CF38B0-39CF-43C7-9589-166DCC665652}.STATIC_ONLY NO_EXPRESSIONS|Any CPU.ActiveCfg = Release|Any CPU
		{B9CF38B0-39CF-43C7-9589-166DCC665652}.STATIC_ONLY NO_EXPRESSIONS|Any CPU.Build.0 = Release|Any CPU
		{BAF15DB6-E652-428F-88DB-EB60426360E1}.Debug|Any CPU.ActiveCfg = Debug|Any CPU
		{BAF15DB6-E652-428F-88DB-EB60426360E1}.Debug|Any CPU.Build.0 = Debug|Any CPU
		{BAF15DB6-E652-428F-88DB-EB60426360E1}.Deploy|Any CPU.ActiveCfg = Debug|Any CPU
		{BAF15DB6-E652-428F-88DB-EB60426360E1}.Deploy|Any CPU.Build.0 = Debug|Any CPU
		{BAF15DB6-E652-428F-88DB-EB60426360E1}.MonoTouch|Any CPU.ActiveCfg = Debug|Any CPU
		{BAF15DB6-E652-428F-88DB-EB60426360E1}.MonoTouch|Any CPU.Build.0 = Debug|Any CPU
		{BAF15DB6-E652-428F-88DB-EB60426360E1}.Package|Any CPU.ActiveCfg = Release|Any CPU
		{BAF15DB6-E652-428F-88DB-EB60426360E1}.Package|Any CPU.Build.0 = Release|Any CPU
		{BAF15DB6-E652-428F-88DB-EB60426360E1}.Release|Any CPU.ActiveCfg = Release|Any CPU
		{BAF15DB6-E652-428F-88DB-EB60426360E1}.Release|Any CPU.Build.0 = Release|Any CPU
		{BAF15DB6-E652-428F-88DB-EB60426360E1}.STATIC_ONLY NO_EXPRESSIONS|Any CPU.ActiveCfg = Debug|Any CPU
		{BAF15DB6-E652-428F-88DB-EB60426360E1}.STATIC_ONLY NO_EXPRESSIONS|Any CPU.Build.0 = Debug|Any CPU
		{116A0C30-1C80-4B90-AAC0-23F15C839F4D}.Debug|Any CPU.ActiveCfg = Debug|Any CPU
		{116A0C30-1C80-4B90-AAC0-23F15C839F4D}.Debug|Any CPU.Build.0 = Debug|Any CPU
		{116A0C30-1C80-4B90-AAC0-23F15C839F4D}.Deploy|Any CPU.ActiveCfg = Debug|Any CPU
		{116A0C30-1C80-4B90-AAC0-23F15C839F4D}.Deploy|Any CPU.Build.0 = Debug|Any CPU
		{116A0C30-1C80-4B90-AAC0-23F15C839F4D}.MonoTouch|Any CPU.ActiveCfg = Debug|Any CPU
		{116A0C30-1C80-4B90-AAC0-23F15C839F4D}.MonoTouch|Any CPU.Build.0 = Debug|Any CPU
		{116A0C30-1C80-4B90-AAC0-23F15C839F4D}.Package|Any CPU.ActiveCfg = Release|Any CPU
		{116A0C30-1C80-4B90-AAC0-23F15C839F4D}.Package|Any CPU.Build.0 = Release|Any CPU
		{116A0C30-1C80-4B90-AAC0-23F15C839F4D}.Release|Any CPU.ActiveCfg = Release|Any CPU
		{116A0C30-1C80-4B90-AAC0-23F15C839F4D}.Release|Any CPU.Build.0 = Release|Any CPU
		{116A0C30-1C80-4B90-AAC0-23F15C839F4D}.STATIC_ONLY NO_EXPRESSIONS|Any CPU.ActiveCfg = Debug|Any CPU
		{116A0C30-1C80-4B90-AAC0-23F15C839F4D}.STATIC_ONLY NO_EXPRESSIONS|Any CPU.Build.0 = Debug|Any CPU
		{60A3847A-B1FF-4610-9C37-B7EDE14B81F9}.Debug|Any CPU.ActiveCfg = Debug|Any CPU
		{60A3847A-B1FF-4610-9C37-B7EDE14B81F9}.Debug|Any CPU.Build.0 = Debug|Any CPU
		{60A3847A-B1FF-4610-9C37-B7EDE14B81F9}.Deploy|Any CPU.ActiveCfg = Debug|Any CPU
		{60A3847A-B1FF-4610-9C37-B7EDE14B81F9}.Deploy|Any CPU.Build.0 = Debug|Any CPU
		{60A3847A-B1FF-4610-9C37-B7EDE14B81F9}.MonoTouch|Any CPU.ActiveCfg = Debug|Any CPU
		{60A3847A-B1FF-4610-9C37-B7EDE14B81F9}.MonoTouch|Any CPU.Build.0 = Debug|Any CPU
		{60A3847A-B1FF-4610-9C37-B7EDE14B81F9}.Package|Any CPU.ActiveCfg = Release|Any CPU
		{60A3847A-B1FF-4610-9C37-B7EDE14B81F9}.Package|Any CPU.Build.0 = Release|Any CPU
		{60A3847A-B1FF-4610-9C37-B7EDE14B81F9}.Release|Any CPU.ActiveCfg = Release|Any CPU
		{60A3847A-B1FF-4610-9C37-B7EDE14B81F9}.Release|Any CPU.Build.0 = Release|Any CPU
		{60A3847A-B1FF-4610-9C37-B7EDE14B81F9}.STATIC_ONLY NO_EXPRESSIONS|Any CPU.ActiveCfg = Debug|Any CPU
		{60A3847A-B1FF-4610-9C37-B7EDE14B81F9}.STATIC_ONLY NO_EXPRESSIONS|Any CPU.Build.0 = Debug|Any CPU
		{F246ECF4-6000-4F20-9B65-16DE6459BED5}.Debug|Any CPU.ActiveCfg = Debug|Any CPU
		{F246ECF4-6000-4F20-9B65-16DE6459BED5}.Debug|Any CPU.Build.0 = Debug|Any CPU
		{F246ECF4-6000-4F20-9B65-16DE6459BED5}.Deploy|Any CPU.ActiveCfg = Debug|Any CPU
		{F246ECF4-6000-4F20-9B65-16DE6459BED5}.Deploy|Any CPU.Build.0 = Debug|Any CPU
		{F246ECF4-6000-4F20-9B65-16DE6459BED5}.MonoTouch|Any CPU.ActiveCfg = Debug|Any CPU
		{F246ECF4-6000-4F20-9B65-16DE6459BED5}.MonoTouch|Any CPU.Build.0 = Debug|Any CPU
		{F246ECF4-6000-4F20-9B65-16DE6459BED5}.Package|Any CPU.ActiveCfg = Release|Any CPU
		{F246ECF4-6000-4F20-9B65-16DE6459BED5}.Package|Any CPU.Build.0 = Release|Any CPU
		{F246ECF4-6000-4F20-9B65-16DE6459BED5}.Release|Any CPU.ActiveCfg = Release|Any CPU
		{F246ECF4-6000-4F20-9B65-16DE6459BED5}.Release|Any CPU.Build.0 = Release|Any CPU
		{F246ECF4-6000-4F20-9B65-16DE6459BED5}.STATIC_ONLY NO_EXPRESSIONS|Any CPU.ActiveCfg = Debug|Any CPU
		{F246ECF4-6000-4F20-9B65-16DE6459BED5}.STATIC_ONLY NO_EXPRESSIONS|Any CPU.Build.0 = Debug|Any CPU
		{4CDCF241-57DF-40A1-BC48-AB305494115F}.Debug|Any CPU.ActiveCfg = Debug|Any CPU
		{4CDCF241-57DF-40A1-BC48-AB305494115F}.Debug|Any CPU.Build.0 = Debug|Any CPU
		{4CDCF241-57DF-40A1-BC48-AB305494115F}.Deploy|Any CPU.ActiveCfg = Debug|Any CPU
		{4CDCF241-57DF-40A1-BC48-AB305494115F}.Deploy|Any CPU.Build.0 = Debug|Any CPU
		{4CDCF241-57DF-40A1-BC48-AB305494115F}.MonoTouch|Any CPU.ActiveCfg = Debug|Any CPU
		{4CDCF241-57DF-40A1-BC48-AB305494115F}.MonoTouch|Any CPU.Build.0 = Debug|Any CPU
		{4CDCF241-57DF-40A1-BC48-AB305494115F}.Package|Any CPU.ActiveCfg = Release|Any CPU
		{4CDCF241-57DF-40A1-BC48-AB305494115F}.Package|Any CPU.Build.0 = Release|Any CPU
		{4CDCF241-57DF-40A1-BC48-AB305494115F}.Release|Any CPU.ActiveCfg = Release|Any CPU
		{4CDCF241-57DF-40A1-BC48-AB305494115F}.Release|Any CPU.Build.0 = Release|Any CPU
		{4CDCF241-57DF-40A1-BC48-AB305494115F}.STATIC_ONLY NO_EXPRESSIONS|Any CPU.ActiveCfg = Debug|Any CPU
		{4CDCF241-57DF-40A1-BC48-AB305494115F}.STATIC_ONLY NO_EXPRESSIONS|Any CPU.Build.0 = Debug|Any CPU
		{E0360673-49CB-4E81-AED7-312F21AE8951}.Debug|Any CPU.ActiveCfg = Debug|Any CPU
		{E0360673-49CB-4E81-AED7-312F21AE8951}.Debug|Any CPU.Build.0 = Debug|Any CPU
		{E0360673-49CB-4E81-AED7-312F21AE8951}.Deploy|Any CPU.ActiveCfg = Debug|Any CPU
		{E0360673-49CB-4E81-AED7-312F21AE8951}.Deploy|Any CPU.Build.0 = Debug|Any CPU
		{E0360673-49CB-4E81-AED7-312F21AE8951}.MonoTouch|Any CPU.ActiveCfg = Debug|Any CPU
		{E0360673-49CB-4E81-AED7-312F21AE8951}.MonoTouch|Any CPU.Build.0 = Debug|Any CPU
		{E0360673-49CB-4E81-AED7-312F21AE8951}.Package|Any CPU.ActiveCfg = Release|Any CPU
		{E0360673-49CB-4E81-AED7-312F21AE8951}.Package|Any CPU.Build.0 = Release|Any CPU
		{E0360673-49CB-4E81-AED7-312F21AE8951}.Release|Any CPU.ActiveCfg = Release|Any CPU
		{E0360673-49CB-4E81-AED7-312F21AE8951}.Release|Any CPU.Build.0 = Release|Any CPU
		{E0360673-49CB-4E81-AED7-312F21AE8951}.STATIC_ONLY NO_EXPRESSIONS|Any CPU.ActiveCfg = Debug|Any CPU
		{E0360673-49CB-4E81-AED7-312F21AE8951}.STATIC_ONLY NO_EXPRESSIONS|Any CPU.Build.0 = Debug|Any CPU
		{5509F241-C7B0-41CA-8C05-28C411FDF99F}.Debug|Any CPU.ActiveCfg = Debug|Any CPU
		{5509F241-C7B0-41CA-8C05-28C411FDF99F}.Debug|Any CPU.Build.0 = Debug|Any CPU
		{5509F241-C7B0-41CA-8C05-28C411FDF99F}.Deploy|Any CPU.ActiveCfg = Debug|Any CPU
		{5509F241-C7B0-41CA-8C05-28C411FDF99F}.Deploy|Any CPU.Build.0 = Debug|Any CPU
		{5509F241-C7B0-41CA-8C05-28C411FDF99F}.MonoTouch|Any CPU.ActiveCfg = Debug|Any CPU
		{5509F241-C7B0-41CA-8C05-28C411FDF99F}.MonoTouch|Any CPU.Build.0 = Debug|Any CPU
		{5509F241-C7B0-41CA-8C05-28C411FDF99F}.Package|Any CPU.ActiveCfg = Release|Any CPU
		{5509F241-C7B0-41CA-8C05-28C411FDF99F}.Package|Any CPU.Build.0 = Release|Any CPU
		{5509F241-C7B0-41CA-8C05-28C411FDF99F}.Release|Any CPU.ActiveCfg = Release|Any CPU
		{5509F241-C7B0-41CA-8C05-28C411FDF99F}.Release|Any CPU.Build.0 = Release|Any CPU
		{5509F241-C7B0-41CA-8C05-28C411FDF99F}.STATIC_ONLY NO_EXPRESSIONS|Any CPU.ActiveCfg = Debug|Any CPU
		{5509F241-C7B0-41CA-8C05-28C411FDF99F}.STATIC_ONLY NO_EXPRESSIONS|Any CPU.Build.0 = Debug|Any CPU
		{F8516C67-92BE-43FF-A8A9-B71A3EA4BE0D}.Debug|Any CPU.ActiveCfg = Debug|Any CPU
		{F8516C67-92BE-43FF-A8A9-B71A3EA4BE0D}.Debug|Any CPU.Build.0 = Debug|Any CPU
		{F8516C67-92BE-43FF-A8A9-B71A3EA4BE0D}.Deploy|Any CPU.ActiveCfg = Debug|Any CPU
		{F8516C67-92BE-43FF-A8A9-B71A3EA4BE0D}.Deploy|Any CPU.Build.0 = Debug|Any CPU
		{F8516C67-92BE-43FF-A8A9-B71A3EA4BE0D}.MonoTouch|Any CPU.ActiveCfg = Debug|Any CPU
		{F8516C67-92BE-43FF-A8A9-B71A3EA4BE0D}.MonoTouch|Any CPU.Build.0 = Debug|Any CPU
		{F8516C67-92BE-43FF-A8A9-B71A3EA4BE0D}.Package|Any CPU.ActiveCfg = Release|Any CPU
		{F8516C67-92BE-43FF-A8A9-B71A3EA4BE0D}.Package|Any CPU.Build.0 = Release|Any CPU
		{F8516C67-92BE-43FF-A8A9-B71A3EA4BE0D}.Release|Any CPU.ActiveCfg = Release|Any CPU
		{F8516C67-92BE-43FF-A8A9-B71A3EA4BE0D}.Release|Any CPU.Build.0 = Release|Any CPU
		{F8516C67-92BE-43FF-A8A9-B71A3EA4BE0D}.STATIC_ONLY NO_EXPRESSIONS|Any CPU.ActiveCfg = Debug|Any CPU
		{F8516C67-92BE-43FF-A8A9-B71A3EA4BE0D}.STATIC_ONLY NO_EXPRESSIONS|Any CPU.Build.0 = Debug|Any CPU
		{4E4BCBD8-5EE1-4797-B039-EEC0F8475360}.Debug|Any CPU.ActiveCfg = Debug|Any CPU
		{4E4BCBD8-5EE1-4797-B039-EEC0F8475360}.Debug|Any CPU.Build.0 = Debug|Any CPU
		{4E4BCBD8-5EE1-4797-B039-EEC0F8475360}.Deploy|Any CPU.ActiveCfg = Debug|Any CPU
		{4E4BCBD8-5EE1-4797-B039-EEC0F8475360}.Deploy|Any CPU.Build.0 = Debug|Any CPU
		{4E4BCBD8-5EE1-4797-B039-EEC0F8475360}.MonoTouch|Any CPU.ActiveCfg = Debug|Any CPU
		{4E4BCBD8-5EE1-4797-B039-EEC0F8475360}.MonoTouch|Any CPU.Build.0 = Debug|Any CPU
		{4E4BCBD8-5EE1-4797-B039-EEC0F8475360}.Package|Any CPU.ActiveCfg = Release|Any CPU
		{4E4BCBD8-5EE1-4797-B039-EEC0F8475360}.Package|Any CPU.Build.0 = Release|Any CPU
		{4E4BCBD8-5EE1-4797-B039-EEC0F8475360}.Release|Any CPU.ActiveCfg = Release|Any CPU
		{4E4BCBD8-5EE1-4797-B039-EEC0F8475360}.Release|Any CPU.Build.0 = Release|Any CPU
		{4E4BCBD8-5EE1-4797-B039-EEC0F8475360}.STATIC_ONLY NO_EXPRESSIONS|Any CPU.ActiveCfg = Debug|Any CPU
		{4E4BCBD8-5EE1-4797-B039-EEC0F8475360}.STATIC_ONLY NO_EXPRESSIONS|Any CPU.Build.0 = Debug|Any CPU
		{D979794C-695A-4C3B-B42B-8659CB3EA416}.Debug|Any CPU.ActiveCfg = Debug|Any CPU
		{D979794C-695A-4C3B-B42B-8659CB3EA416}.Debug|Any CPU.Build.0 = Debug|Any CPU
		{D979794C-695A-4C3B-B42B-8659CB3EA416}.Deploy|Any CPU.ActiveCfg = Debug|Any CPU
		{D979794C-695A-4C3B-B42B-8659CB3EA416}.Deploy|Any CPU.Build.0 = Debug|Any CPU
		{D979794C-695A-4C3B-B42B-8659CB3EA416}.MonoTouch|Any CPU.ActiveCfg = Debug|Any CPU
		{D979794C-695A-4C3B-B42B-8659CB3EA416}.MonoTouch|Any CPU.Build.0 = Debug|Any CPU
		{D979794C-695A-4C3B-B42B-8659CB3EA416}.Package|Any CPU.ActiveCfg = Release|Any CPU
		{D979794C-695A-4C3B-B42B-8659CB3EA416}.Package|Any CPU.Build.0 = Release|Any CPU
		{D979794C-695A-4C3B-B42B-8659CB3EA416}.Release|Any CPU.ActiveCfg = Release|Any CPU
		{D979794C-695A-4C3B-B42B-8659CB3EA416}.Release|Any CPU.Build.0 = Release|Any CPU
		{D979794C-695A-4C3B-B42B-8659CB3EA416}.STATIC_ONLY NO_EXPRESSIONS|Any CPU.ActiveCfg = Debug|Any CPU
		{D979794C-695A-4C3B-B42B-8659CB3EA416}.STATIC_ONLY NO_EXPRESSIONS|Any CPU.Build.0 = Debug|Any CPU
		{56F41E21-F632-4238-B0FE-CB72EA753D36}.Debug|Any CPU.ActiveCfg = Debug|Any CPU
		{56F41E21-F632-4238-B0FE-CB72EA753D36}.Debug|Any CPU.Build.0 = Debug|Any CPU
		{56F41E21-F632-4238-B0FE-CB72EA753D36}.Deploy|Any CPU.ActiveCfg = Debug|Any CPU
		{56F41E21-F632-4238-B0FE-CB72EA753D36}.Deploy|Any CPU.Build.0 = Debug|Any CPU
		{56F41E21-F632-4238-B0FE-CB72EA753D36}.MonoTouch|Any CPU.ActiveCfg = Debug|Any CPU
		{56F41E21-F632-4238-B0FE-CB72EA753D36}.MonoTouch|Any CPU.Build.0 = Debug|Any CPU
		{56F41E21-F632-4238-B0FE-CB72EA753D36}.Package|Any CPU.ActiveCfg = Release|Any CPU
		{56F41E21-F632-4238-B0FE-CB72EA753D36}.Package|Any CPU.Build.0 = Release|Any CPU
		{56F41E21-F632-4238-B0FE-CB72EA753D36}.Release|Any CPU.ActiveCfg = Release|Any CPU
		{56F41E21-F632-4238-B0FE-CB72EA753D36}.Release|Any CPU.Build.0 = Release|Any CPU
		{56F41E21-F632-4238-B0FE-CB72EA753D36}.STATIC_ONLY NO_EXPRESSIONS|Any CPU.ActiveCfg = Debug|Any CPU
		{56F41E21-F632-4238-B0FE-CB72EA753D36}.STATIC_ONLY NO_EXPRESSIONS|Any CPU.Build.0 = Debug|Any CPU
		{5FFD1A73-5C64-4F30-943F-8C1D4CCEFF24}.Debug|Any CPU.ActiveCfg = Debug|Any CPU
		{5FFD1A73-5C64-4F30-943F-8C1D4CCEFF24}.Debug|Any CPU.Build.0 = Debug|Any CPU
		{5FFD1A73-5C64-4F30-943F-8C1D4CCEFF24}.Deploy|Any CPU.ActiveCfg = Debug|Any CPU
		{5FFD1A73-5C64-4F30-943F-8C1D4CCEFF24}.Deploy|Any CPU.Build.0 = Debug|Any CPU
		{5FFD1A73-5C64-4F30-943F-8C1D4CCEFF24}.MonoTouch|Any CPU.ActiveCfg = Debug|Any CPU
		{5FFD1A73-5C64-4F30-943F-8C1D4CCEFF24}.MonoTouch|Any CPU.Build.0 = Debug|Any CPU
		{5FFD1A73-5C64-4F30-943F-8C1D4CCEFF24}.Package|Any CPU.ActiveCfg = Release|Any CPU
		{5FFD1A73-5C64-4F30-943F-8C1D4CCEFF24}.Package|Any CPU.Build.0 = Release|Any CPU
		{5FFD1A73-5C64-4F30-943F-8C1D4CCEFF24}.Release|Any CPU.ActiveCfg = Release|Any CPU
		{5FFD1A73-5C64-4F30-943F-8C1D4CCEFF24}.Release|Any CPU.Build.0 = Release|Any CPU
		{5FFD1A73-5C64-4F30-943F-8C1D4CCEFF24}.STATIC_ONLY NO_EXPRESSIONS|Any CPU.ActiveCfg = Debug|Any CPU
		{5FFD1A73-5C64-4F30-943F-8C1D4CCEFF24}.STATIC_ONLY NO_EXPRESSIONS|Any CPU.Build.0 = Debug|Any CPU
		{973EF018-379A-48B2-ABFA-0F06EE1A1D32}.Debug|Any CPU.ActiveCfg = Debug|Any CPU
		{973EF018-379A-48B2-ABFA-0F06EE1A1D32}.Debug|Any CPU.Build.0 = Debug|Any CPU
		{973EF018-379A-48B2-ABFA-0F06EE1A1D32}.Deploy|Any CPU.ActiveCfg = Debug|Any CPU
		{973EF018-379A-48B2-ABFA-0F06EE1A1D32}.Deploy|Any CPU.Build.0 = Debug|Any CPU
		{973EF018-379A-48B2-ABFA-0F06EE1A1D32}.MonoTouch|Any CPU.ActiveCfg = Debug|Any CPU
		{973EF018-379A-48B2-ABFA-0F06EE1A1D32}.MonoTouch|Any CPU.Build.0 = Debug|Any CPU
		{973EF018-379A-48B2-ABFA-0F06EE1A1D32}.Package|Any CPU.ActiveCfg = Release|Any CPU
		{973EF018-379A-48B2-ABFA-0F06EE1A1D32}.Package|Any CPU.Build.0 = Release|Any CPU
		{973EF018-379A-48B2-ABFA-0F06EE1A1D32}.Release|Any CPU.ActiveCfg = Release|Any CPU
		{973EF018-379A-48B2-ABFA-0F06EE1A1D32}.Release|Any CPU.Build.0 = Release|Any CPU
		{973EF018-379A-48B2-ABFA-0F06EE1A1D32}.STATIC_ONLY NO_EXPRESSIONS|Any CPU.ActiveCfg = Debug|Any CPU
		{973EF018-379A-48B2-ABFA-0F06EE1A1D32}.STATIC_ONLY NO_EXPRESSIONS|Any CPU.Build.0 = Debug|Any CPU
		{40D3E40E-5DD0-420B-96EE-15DF474C9A52}.Debug|Any CPU.ActiveCfg = Debug|Any CPU
		{40D3E40E-5DD0-420B-96EE-15DF474C9A52}.Debug|Any CPU.Build.0 = Debug|Any CPU
		{40D3E40E-5DD0-420B-96EE-15DF474C9A52}.Deploy|Any CPU.ActiveCfg = Debug|Any CPU
		{40D3E40E-5DD0-420B-96EE-15DF474C9A52}.Deploy|Any CPU.Build.0 = Debug|Any CPU
		{40D3E40E-5DD0-420B-96EE-15DF474C9A52}.MonoTouch|Any CPU.ActiveCfg = Debug|Any CPU
		{40D3E40E-5DD0-420B-96EE-15DF474C9A52}.MonoTouch|Any CPU.Build.0 = Debug|Any CPU
		{40D3E40E-5DD0-420B-96EE-15DF474C9A52}.Package|Any CPU.ActiveCfg = Release|Any CPU
		{40D3E40E-5DD0-420B-96EE-15DF474C9A52}.Package|Any CPU.Build.0 = Release|Any CPU
		{40D3E40E-5DD0-420B-96EE-15DF474C9A52}.Release|Any CPU.ActiveCfg = Release|Any CPU
		{40D3E40E-5DD0-420B-96EE-15DF474C9A52}.Release|Any CPU.Build.0 = Release|Any CPU
		{40D3E40E-5DD0-420B-96EE-15DF474C9A52}.STATIC_ONLY NO_EXPRESSIONS|Any CPU.ActiveCfg = Debug|Any CPU
		{40D3E40E-5DD0-420B-96EE-15DF474C9A52}.STATIC_ONLY NO_EXPRESSIONS|Any CPU.Build.0 = Debug|Any CPU
		{555357E5-A150-4C4D-BC81-97F4AE19086A}.Debug|Any CPU.ActiveCfg = Debug|Any CPU
		{555357E5-A150-4C4D-BC81-97F4AE19086A}.Debug|Any CPU.Build.0 = Debug|Any CPU
		{555357E5-A150-4C4D-BC81-97F4AE19086A}.Deploy|Any CPU.ActiveCfg = Deploy|Any CPU
		{555357E5-A150-4C4D-BC81-97F4AE19086A}.Deploy|Any CPU.Build.0 = Deploy|Any CPU
		{555357E5-A150-4C4D-BC81-97F4AE19086A}.MonoTouch|Any CPU.ActiveCfg = Debug|Any CPU
		{555357E5-A150-4C4D-BC81-97F4AE19086A}.MonoTouch|Any CPU.Build.0 = Debug|Any CPU
		{555357E5-A150-4C4D-BC81-97F4AE19086A}.Package|Any CPU.ActiveCfg = Package|Any CPU
		{555357E5-A150-4C4D-BC81-97F4AE19086A}.Package|Any CPU.Build.0 = Package|Any CPU
		{555357E5-A150-4C4D-BC81-97F4AE19086A}.Release|Any CPU.ActiveCfg = Release|Any CPU
		{555357E5-A150-4C4D-BC81-97F4AE19086A}.Release|Any CPU.Build.0 = Release|Any CPU
		{555357E5-A150-4C4D-BC81-97F4AE19086A}.STATIC_ONLY NO_EXPRESSIONS|Any CPU.ActiveCfg = Debug|Any CPU
		{555357E5-A150-4C4D-BC81-97F4AE19086A}.STATIC_ONLY NO_EXPRESSIONS|Any CPU.Build.0 = Debug|Any CPU
		{B8D47386-06DC-42E8-9F95-3F75D895E393}.Debug|Any CPU.ActiveCfg = Debug|Any CPU
		{B8D47386-06DC-42E8-9F95-3F75D895E393}.Debug|Any CPU.Build.0 = Debug|Any CPU
		{B8D47386-06DC-42E8-9F95-3F75D895E393}.Deploy|Any CPU.ActiveCfg = Debug|Any CPU
		{B8D47386-06DC-42E8-9F95-3F75D895E393}.Deploy|Any CPU.Build.0 = Debug|Any CPU
		{B8D47386-06DC-42E8-9F95-3F75D895E393}.MonoTouch|Any CPU.ActiveCfg = Debug|Any CPU
		{B8D47386-06DC-42E8-9F95-3F75D895E393}.MonoTouch|Any CPU.Build.0 = Debug|Any CPU
		{B8D47386-06DC-42E8-9F95-3F75D895E393}.Package|Any CPU.ActiveCfg = Debug|Any CPU
		{B8D47386-06DC-42E8-9F95-3F75D895E393}.Package|Any CPU.Build.0 = Debug|Any CPU
		{B8D47386-06DC-42E8-9F95-3F75D895E393}.Release|Any CPU.ActiveCfg = Release|Any CPU
		{B8D47386-06DC-42E8-9F95-3F75D895E393}.Release|Any CPU.Build.0 = Release|Any CPU
		{B8D47386-06DC-42E8-9F95-3F75D895E393}.STATIC_ONLY NO_EXPRESSIONS|Any CPU.ActiveCfg = Debug|Any CPU
		{B8D47386-06DC-42E8-9F95-3F75D895E393}.STATIC_ONLY NO_EXPRESSIONS|Any CPU.Build.0 = Debug|Any CPU
	EndGlobalSection
	GlobalSection(SolutionProperties) = preSolution
		HideSolutionNode = FALSE
	EndGlobalSection
	GlobalSection(NestedProjects) = preSolution
		{EBBEABD8-324F-4BDC-873E-DDA78B6E669D} = {CD7F4B42-E9D3-4AE6-8217-AAB9BDBD76BB}
		{B9CF38B0-39CF-43C7-9589-166DCC665652} = {7ECD89A5-D019-4CC3-B389-6559F99529A0}
		{BAF15DB6-E652-428F-88DB-EB60426360E1} = {A3CEC935-A41E-40F2-9E51-2346D76EA58B}
		{116A0C30-1C80-4B90-AAC0-23F15C839F4D} = {A3CEC935-A41E-40F2-9E51-2346D76EA58B}
		{60A3847A-B1FF-4610-9C37-B7EDE14B81F9} = {A3CEC935-A41E-40F2-9E51-2346D76EA58B}
		{F246ECF4-6000-4F20-9B65-16DE6459BED5} = {A3CEC935-A41E-40F2-9E51-2346D76EA58B}
		{4CDCF241-57DF-40A1-BC48-AB305494115F} = {A3CEC935-A41E-40F2-9E51-2346D76EA58B}
		{E0360673-49CB-4E81-AED7-312F21AE8951} = {7ECD89A5-D019-4CC3-B389-6559F99529A0}
		{5509F241-C7B0-41CA-8C05-28C411FDF99F} = {7ECD89A5-D019-4CC3-B389-6559F99529A0}
		{F8516C67-92BE-43FF-A8A9-B71A3EA4BE0D} = {7ECD89A5-D019-4CC3-B389-6559F99529A0}
		{6A851CD2-E40B-4EB9-988F-172037AB447F} = {A78310BF-B79A-442E-AECE-15D91692BA7F}
		{4E4BCBD8-5EE1-4797-B039-EEC0F8475360} = {6A851CD2-E40B-4EB9-988F-172037AB447F}
		{D979794C-695A-4C3B-B42B-8659CB3EA416} = {6A851CD2-E40B-4EB9-988F-172037AB447F}
		{56F41E21-F632-4238-B0FE-CB72EA753D36} = {6A851CD2-E40B-4EB9-988F-172037AB447F}
		{5FFD1A73-5C64-4F30-943F-8C1D4CCEFF24} = {6A851CD2-E40B-4EB9-988F-172037AB447F}
		{973EF018-379A-48B2-ABFA-0F06EE1A1D32} = {6A851CD2-E40B-4EB9-988F-172037AB447F}
		{A3CEC935-A41E-40F2-9E51-2346D76EA58B} = {A78310BF-B79A-442E-AECE-15D91692BA7F}
		{40D3E40E-5DD0-420B-96EE-15DF474C9A52} = {7ECD89A5-D019-4CC3-B389-6559F99529A0}
		{555357E5-A150-4C4D-BC81-97F4AE19086A} = {7ECD89A5-D019-4CC3-B389-6559F99529A0}
		{B8D47386-06DC-42E8-9F95-3F75D895E393} = {7ECD89A5-D019-4CC3-B389-6559F99529A0}
	EndGlobalSection
	GlobalSection(ExtensibilityGlobals) = postSolution
		SolutionGuid = {0B335BF8-C526-4898-88F5-A9B90A0A86E2}
	EndGlobalSection
EndGlobal
